
Microsoft Visual Studio Solution File, Format Version 12.00
# Visual Studio Version 16
VisualStudioVersion = 16.0.29613.14
MinimumVisualStudioVersion = 10.0.40219.1
Project("{FAE04EC0-301F-11D3-BF4B-00C04F79EFBC}") = "National Code Validation", "National Code Validation\National Code Validation.csproj", "{F8C47C7E-23AE-4D1B-8370-0AFAAC691AA9}"
EndProject
Global
	GlobalSection(SolutionConfigurationPlatforms) = preSolution
		Debug|Any CPU = Debug|Any CPU
		Release|Any CPU = Release|Any CPU
	EndGlobalSection
	GlobalSection(ProjectConfigurationPlatforms) = postSolution
		{F8C47C7E-23AE-4D1B-8370-0AFAAC691AA9}.Debug|Any CPU.ActiveCfg = Debug|Any CPU
		{F8C47C7E-23AE-4D1B-8370-0AFAAC691AA9}.Debug|Any CPU.Build.0 = Debug|Any CPU
		{F8C47C7E-23AE-4D1B-8370-0AFAAC691AA9}.Release|Any CPU.ActiveCfg = Release|Any CPU
		{F8C47C7E-23AE-4D1B-8370-0AFAAC691AA9}.Release|Any CPU.Build.0 = Release|Any CPU
	EndGlobalSection
	GlobalSection(SolutionProperties) = preSolution
		HideSolutionNode = FALSE
	EndGlobalSection
	GlobalSection(ExtensibilityGlobals) = postSolution
		SolutionGuid = {5300C972-CA61-4992-8286-308B27BD8DD7}
	EndGlobalSection
EndGlobal
